{
  "version": "2",
  "remote": {
    "https://cdn.skypack.dev/-/@sinonjs/fake-timers@v10.0.2-7Q9DvtEGUhxo9tseVUWV/dist=es2019,mode=types/index.d.ts": "f83b320cceccfc48457a818d18fc9a006ab18d0bdd727aa2c2e73dc1b4a45e98",
    "https://cdn.skypack.dev/-/sinon@v15.0.1-qlKtgxOm72taiA3pbkK2/dist=es2019,mode=imports/optimized/sinon.js": "4fa78f658343ba3153a936f7ff0488ad9845324c1854d6d73a0a6d7a5d4bc7d5",
    "https://cdn.skypack.dev/-/sinon@v15.0.1-qlKtgxOm72taiA3pbkK2/dist=es2019,mode=types/index.d.ts": "e49a3c9e2a9a7386a21a6c1ebf9d3883b2712c99fc14ecf8ea1433f6e7a5845c",
    "https://cdn.skypack.dev/sinon@v15.0.1?dts": "220487f84273811340f37025cfa8c092492aaa700d9318fe2938f4adb04fea5e",
    "https://deno.land/std@0.125.0/async/delay.ts": "f38013c800f5129b14fdbf41fb4f4fbaf9525f69f4266946e14d0cf57c830b0c",
    "https://deno.land/std@0.125.0/fmt/colors.ts": "870f10d440af4c309ab7bff97266d8ddb2c8a69039bcbd33253c8bfc14502116",
    "https://deno.land/std@0.125.0/testing/_diff.ts": "9d849cd6877694152e01775b2d93f9d6b7aef7e24bfe3bfafc4d7a1ac8e9f392",
    "https://deno.land/std@0.125.0/testing/asserts.ts": "b7a2b7f80a12b9b2abe1bfeb7b84ead0e971671977c4d70390f43abd85c904ae",
    "https://deno.land/std@0.156.0/async/delay.ts": "0419dfc993752849692d1f9647edf13407c7facc3509b099381be99ffbc9d699",
    "https://deno.land/std@0.156.0/encoding/base64.ts": "c57868ca7fa2fbe919f57f88a623ad34e3d970d675bdc1ff3a9d02bba7409db2",
    "https://deno.land/std@0.156.0/fmt/colors.ts": "ff7dc9c9f33a72bd48bc24b21bbc1b4545d8494a431f17894dbc5fe92a938fc4",
    "https://deno.land/std@0.156.0/testing/_diff.ts": "a23e7fc2b4d8daa3e158fa06856bedf5334ce2a2831e8bf9e509717f455adb2c",
    "https://deno.land/std@0.156.0/testing/_format.ts": "cd11136e1797791045e639e9f0f4640d5b4166148796cad37e6ef75f7d7f3832",
    "https://deno.land/std@0.156.0/testing/asserts.ts": "8696c488bc98d8d175e74dc652a0ffbc7fca93858da01edc57ed33c1148345da",
    "https://deno.land/x/collections@0.11.2/common.ts": "34e8367e3696c3f872ae417d7c421fa908a5a2125a1c4cb259f7dee9561a7096",
    "https://deno.land/x/collections@0.11.2/comparators.ts": "08563340dbb0051f032bacdcf854bcabd13d607d2e8cb1889826417419df89d0",
    "https://deno.land/x/collections@0.11.2/trees/bs_node.ts": "854d39f6d60cdcb47e1183f0fa67091e6bad59dd2b13252a8b38b1b37269fa67",
    "https://deno.land/x/collections@0.11.2/trees/bs_tree.ts": "694605e10a9f56caf8468c5eea06d60a8d81521dee75d4524a5f790b1ee713b5",
    "https://deno.land/x/collections@0.11.2/trees/rb_node.ts": "e5eecc211933140e0535fc371a4990bd5ac889b00136c96a4a610dbbf78d9ecb",
    "https://deno.land/x/collections@0.11.2/trees/rb_tree.ts": "e1e5f4e26bc255ebf41d72b498a2af903af69f0391276a4a0eac6d46fc43f942",
    "https://deno.land/x/collections@0.11.2/vector.ts": "23cb91087cc89ce9a1e10954336484b537a44bd786e21babc310ae85cb7ad52d",
    "https://deno.land/x/mixins@0.7.4/apply.ts": "dad7095324f5ce23693a0bc0eb3238f230c0ed2160ea8c285f3773ff7c76dcb0",
    "https://deno.land/x/mock@0.13.0/asserts.ts": "6face6e51a0e7ce53c87ceec0e9ab69879c3bb6102ca69538f37b078cb86fddb",
    "https://deno.land/x/mock@0.13.0/callbacks.ts": "bedb33e2831dd5bf53a15d1a95992e4eee4c0a16ee323e1077160823b11b4f7d",
    "https://deno.land/x/mock@0.13.0/deps.ts": "fa99d7aa39813faebb8df7d14d4b78049b368a6b62bc9ae489586890bbef4aad",
    "https://deno.land/x/mock@0.13.0/mod.ts": "ff617c0a264265c012fb79ad6c6055cc9f851e55d26dc261b64ff3a2c5976740",
    "https://deno.land/x/mock@0.13.0/spy.ts": "4f313c6b8ccf613010f9ef4f6f7b178e38bb30d12904746d3ad23da859782313",
    "https://deno.land/x/mock@0.13.0/stub.ts": "4cbf836fed2916d5293ac4fb8b185f5a28dd7e814beb5ea8113ea37c4e6e5593",
    "https://deno.land/x/mock@0.13.0/time.ts": "9e685cf14541abbb40818b48801973c821d0ef3e439e0afda51da6c2b5005d49",
    "https://deno.land/x/ttl@1.0.1/mod.ts": "f108e3c1da8233c36d0c49b7f44c964cdf59175da335c04f187a7a5cf07980aa",
    "https://raw.githubusercontent.com/karlhulme/dazure-cosmos/main/deps.ts": "352199117f341b0a68121ab00097ae69b01febe96fc6bc8a2e3d52afbb2edd99",
    "https://raw.githubusercontent.com/karlhulme/dazure-cosmos/main/mod.ts": "8950f261c03b03d1474eb7a092ca892fd7b11f84d8e1d9ff6facb7844d685779",
    "https://raw.githubusercontent.com/karlhulme/dazure-cosmos/main/src/convertCosmosKeyToCryptoKey.ts": "2b9858439830ce9301da9c2250241e20651879ab71590d3d389b513b6be1c474",
    "https://raw.githubusercontent.com/karlhulme/dazure-cosmos/main/src/cosmosRetryable.ts": "54b2b75607b223f025ceee28242b8eee8be3aea7029b1750bdc887b34882afe0",
    "https://raw.githubusercontent.com/karlhulme/dazure-cosmos/main/src/createCollection.ts": "d1a35a32e1edb87ecff980be93cb64058674817951850af6d0859526c1ac3b4b",
    "https://raw.githubusercontent.com/karlhulme/dazure-cosmos/main/src/createDatabase.ts": "b7c9d722bc09744493f2f6abc0799b9202bb65d70435cac04d7b68cb5dcf86a7",
    "https://raw.githubusercontent.com/karlhulme/dazure-cosmos/main/src/createDocument.ts": "d221e1b6a63ec31378508d6a8dd2c4f658a11969123210617cd3fd463cb48de3",
    "https://raw.githubusercontent.com/karlhulme/dazure-cosmos/main/src/deleteCollection.ts": "ef8abbd3cf2c6acc546ca0a43c1bb05bcbc240c7e884555e7ba79e63eebd22e7",
    "https://raw.githubusercontent.com/karlhulme/dazure-cosmos/main/src/deleteDatabase.ts": "64c2ebc28a21fc88d2b786efaae481b328afc2c2bbe53dd9c964a8fcbe56b26e",
    "https://raw.githubusercontent.com/karlhulme/dazure-cosmos/main/src/deleteDocument.ts": "f7150fbf9ae5e0d7dd6125b35455357b85552736530b722d39fccdebcef2daa1",
    "https://raw.githubusercontent.com/karlhulme/dazure-cosmos/main/src/ensureRaisingOfTransitoryErrors.ts": "836fadc38f20764f20af3b13a1876b6544b1cebbf4cf2ec4562837245f3a2e86",
    "https://raw.githubusercontent.com/karlhulme/dazure-cosmos/main/src/formatPartitionKeyValue.ts": "97d5ab4f9b76551348e561ebba81acfdcc4a5f88f16bccc71be1686e857b2a7e",
    "https://raw.githubusercontent.com/karlhulme/dazure-cosmos/main/src/generateCosmosReqHeaders.ts": "8e6af9e46ac66437ba587a83b85e010ff6d832929ca4ed17c5d341899a9352d9",
    "https://raw.githubusercontent.com/karlhulme/dazure-cosmos/main/src/getCollection.ts": "2e4b63073c31365a2a18fc1303991dcccddc2256e414b076a193adc0f6adfa74",
    "https://raw.githubusercontent.com/karlhulme/dazure-cosmos/main/src/getDocument.ts": "e6b372994ef97ba71b6c706056ff078340cf927af10298922614a8061c5d9280",
    "https://raw.githubusercontent.com/karlhulme/dazure-cosmos/main/src/index.ts": "327f1fa8ee81dc7c859d2acfd9528269cd092a7e5b06d1308c34f4116f20eebd",
    "https://raw.githubusercontent.com/karlhulme/dazure-cosmos/main/src/listCollections.ts": "4d5b9550aa22c12c036cbc68a7e9b4f543e9828bece489e8fbd4cbdc4c835efa",
    "https://raw.githubusercontent.com/karlhulme/dazure-cosmos/main/src/listDatabases.ts": "fa4fb681083b69bbc1a053a92ced1361273d664caf631b604d6326a8066b4ca8",
    "https://raw.githubusercontent.com/karlhulme/dazure-cosmos/main/src/logPerformance.ts": "8358d68b924bd61a5e7571fc70c97e529bb8b4ffaa17c75d61dfd57baa5f2178",
    "https://raw.githubusercontent.com/karlhulme/dazure-cosmos/main/src/queryDocumentsContainersDirect.ts": "b267b51b81eac9a007431c509605c8206398b0d7ba7833864d1d3ff1d7a9a7be",
    "https://raw.githubusercontent.com/karlhulme/dazure-cosmos/main/src/queryDocumentsGateway.ts": "24e61bf57a4282b6196b3e7db3b7d3161470dd915eb1252a24ddf6685dcef31b",
    "https://raw.githubusercontent.com/karlhulme/dazure-cosmos/main/src/replaceDocument.ts": "19d3eecdc315e29dcf44087e2a0f3528c9030c007d417fb0e720274954cd1c87",
    "https://raw.githubusercontent.com/karlhulme/dpiggle/main/deps.ts": "1650421e2137773fa808fae9206a3ff1da51808b92ed0db5ac8455b0d2e06790",
    "https://raw.githubusercontent.com/karlhulme/dpiggle/main/mod.ts": "242727cba09291256f94e84725041dd8145fe9e2863cbb14256bef27e2c6524a",
    "https://raw.githubusercontent.com/karlhulme/dpiggle/main/src/core/index.ts": "ff9b618a9e5154296c7ff2fc8450c913561788122fe2b47a7248e6bbc4de760c",
    "https://raw.githubusercontent.com/karlhulme/dpiggle/main/src/core/isTransitoryNetworkError.ts": "5b633205cd7950b2491876340adaf8b9b555e537f627ca17048d6eb6fadaea11",
    "https://raw.githubusercontent.com/karlhulme/dpiggle/main/src/core/retryable.ts": "afa8fd2debcf572c60bc247f2ac10d9c4cc7e89642f0ed98ea23ad6909afaf5f",
    "https://raw.githubusercontent.com/karlhulme/dpiggle/main/src/errors/OperationInterruptedError.ts": "1165d717d1486ca546b28004164684f5e06f159c501e29eaa9579756f841b4d8",
    "https://raw.githubusercontent.com/karlhulme/dpiggle/main/src/errors/OperationTransitoryError.ts": "33ad4ea5c977b09ed79f79f01491240a6bd45197efee7ec9ce878b935aa8a4f0",
    "https://raw.githubusercontent.com/karlhulme/dpiggle/main/src/errors/index.ts": "1f0cef71207cbb97cdb2e2b706a6e79bdfe4e9d0b1c2863f103411155d150f04"
  }
}